
Microsoft Visual Studio Solution File, Format Version 12.00
# Visual Studio Version 17
VisualStudioVersion = 17.14.36603.0 d17.14
MinimumVisualStudioVersion = 10.0.40219.1
Project("{FAE04EC0-301F-11D3-BF4B-00C04F79EFBC}") = "Modulo", "Modulo\Modulo.csproj", "{70BF5A35-4D55-49FE-B45C-4B63CA1B1687}"
EndProject
Global
	GlobalSection(SolutionConfigurationPlatforms) = preSolution
		Debug|Any CPU = Debug|Any CPU
		Release|Any CPU = Release|Any CPU
	EndGlobalSection
	GlobalSection(ProjectConfigurationPlatforms) = postSolution
		{70BF5A35-4D55-49FE-B45C-4B63CA1B1687}.Debug|Any CPU.ActiveCfg = Debug|Any CPU
		{70BF5A35-4D55-49FE-B45C-4B63CA1B1687}.Debug|Any CPU.Build.0 = Debug|Any CPU
		{70BF5A35-4D55-49FE-B45C-4B63CA1B1687}.Release|Any CPU.ActiveCfg = Release|Any CPU
		{70BF5A35-4D55-49FE-B45C-4B63CA1B1687}.Release|Any CPU.Build.0 = Release|Any CPU
	EndGlobalSection
	GlobalSection(SolutionProperties) = preSolution
		HideSolutionNode = FALSE
	EndGlobalSection
	GlobalSection(ExtensibilityGlobals) = postSolution
		SolutionGuid = {649F0B7D-8FE6-42C5-AAF1-EE08A8644486}
	EndGlobalSection
EndGlobal
